
Microsoft Visual Studio Solution File, Format Version 12.00
# Visual Studio Version 17
VisualStudioVersion = 17.4.32804.182
MinimumVisualStudioVersion = 10.0.40219.1
Project("{00D1A9C2-B5F0-4AF3-8072-F6C62B433612}") = "ProgrammingResourcesDb", "ProgrammingResourcesDb\ProgrammingResourcesDb.sqlproj", "{5507502F-FCBD-4590-80D7-87D758233507}"
EndProject
Project("{9A19103F-16F7-4668-BE54-9A1E7A4F7556}") = "ProgrammingResourcesApi", "ProgrammingResourcesApi\ProgrammingResourcesApi.csproj", "{147A3FDA-297C-406F-B469-A716379EB60D}"
EndProject
Project("{9A19103F-16F7-4668-BE54-9A1E7A4F7556}") = "ProgrammingResourcesLibrary", "ProgrammingResourcesLibrary\ProgrammingResourcesLibrary.csproj", "{693E12FA-8C98-4FAF-B3AE-FF86459D5176}"
EndProject
Project("{9A19103F-16F7-4668-BE54-9A1E7A4F7556}") = "ProgrammingResourcesApiClient", "ProgrammingResourcesApiClient\ProgrammingResourcesApiClient.csproj", "{7E26F412-9FD0-44A0-94A3-23EF682BB763}"
EndProject
Project("{9A19103F-16F7-4668-BE54-9A1E7A4F7556}") = "ProgrammingResources.Blazor", "ProgrammingResources.Blazor\ProgrammingResources.Blazor.csproj", "{35B70A6E-5F1A-4D85-8DDF-4BA374D95689}"
EndProject
Global
	GlobalSection(SolutionConfigurationPlatforms) = preSolution
		Debug|Any CPU = Debug|Any CPU
		Release|Any CPU = Release|Any CPU
	EndGlobalSection
	GlobalSection(ProjectConfigurationPlatforms) = postSolution
		{5507502F-FCBD-4590-80D7-87D758233507}.Debug|Any CPU.ActiveCfg = Debug|Any CPU
		{5507502F-FCBD-4590-80D7-87D758233507}.Debug|Any CPU.Build.0 = Debug|Any CPU
		{5507502F-FCBD-4590-80D7-87D758233507}.Debug|Any CPU.Deploy.0 = Debug|Any CPU
		{5507502F-FCBD-4590-80D7-87D758233507}.Release|Any CPU.ActiveCfg = Release|Any CPU
		{5507502F-FCBD-4590-80D7-87D758233507}.Release|Any CPU.Build.0 = Release|Any CPU
		{5507502F-FCBD-4590-80D7-87D758233507}.Release|Any CPU.Deploy.0 = Release|Any CPU
		{147A3FDA-297C-406F-B469-A716379EB60D}.Debug|Any CPU.ActiveCfg = Debug|Any CPU
		{147A3FDA-297C-406F-B469-A716379EB60D}.Debug|Any CPU.Build.0 = Debug|Any CPU
		{147A3FDA-297C-406F-B469-A716379EB60D}.Release|Any CPU.ActiveCfg = Release|Any CPU
		{147A3FDA-297C-406F-B469-A716379EB60D}.Release|Any CPU.Build.0 = Release|Any CPU
		{693E12FA-8C98-4FAF-B3AE-FF86459D5176}.Debug|Any CPU.ActiveCfg = Debug|Any CPU
		{693E12FA-8C98-4FAF-B3AE-FF86459D5176}.Debug|Any CPU.Build.0 = Debug|Any CPU
		{693E12FA-8C98-4FAF-B3AE-FF86459D5176}.Release|Any CPU.ActiveCfg = Release|Any CPU
		{693E12FA-8C98-4FAF-B3AE-FF86459D5176}.Release|Any CPU.Build.0 = Release|Any CPU
		{7E26F412-9FD0-44A0-94A3-23EF682BB763}.Debug|Any CPU.ActiveCfg = Debug|Any CPU
		{7E26F412-9FD0-44A0-94A3-23EF682BB763}.Debug|Any CPU.Build.0 = Debug|Any CPU
		{7E26F412-9FD0-44A0-94A3-23EF682BB763}.Release|Any CPU.ActiveCfg = Release|Any CPU
		{7E26F412-9FD0-44A0-94A3-23EF682BB763}.Release|Any CPU.Build.0 = Release|Any CPU
		{35B70A6E-5F1A-4D85-8DDF-4BA374D95689}.Debug|Any CPU.ActiveCfg = Debug|Any CPU
		{35B70A6E-5F1A-4D85-8DDF-4BA374D95689}.Debug|Any CPU.Build.0 = Debug|Any CPU
		{35B70A6E-5F1A-4D85-8DDF-4BA374D95689}.Release|Any CPU.ActiveCfg = Release|Any CPU
		{35B70A6E-5F1A-4D85-8DDF-4BA374D95689}.Release|Any CPU.Build.0 = Release|Any CPU
	EndGlobalSection
	GlobalSection(SolutionProperties) = preSolution
		HideSolutionNode = FALSE
	EndGlobalSection
	GlobalSection(ExtensibilityGlobals) = postSolution
		SolutionGuid = {67C60E79-6E52-4ED9-A7BF-7F50098E15B7}
	EndGlobalSection
EndGlobal
